
Microsoft Visual Studio Solution File, Format Version 12.00
# Visual Studio Version 16
VisualStudioVersion = 16.0.31205.134
MinimumVisualStudioVersion = 10.0.40219.1
Project("{FAE04EC0-301F-11D3-BF4B-00C04F79EFBC}") = "Level2_Dodge", "Level2_Dodge.csproj", "{1FD38174-5DF0-41AB-9AA8-32CF4A2BAEEE}"
EndProject
Global
	GlobalSection(SolutionConfigurationPlatforms) = preSolution
		Debug|Any CPU = Debug|Any CPU
		Release|Any CPU = Release|Any CPU
	EndGlobalSection
	GlobalSection(ProjectConfigurationPlatforms) = postSolution
		{1FD38174-5DF0-41AB-9AA8-32CF4A2BAEEE}.Debug|Any CPU.ActiveCfg = Debug|Any CPU
		{1FD38174-5DF0-41AB-9AA8-32CF4A2BAEEE}.Debug|Any CPU.Build.0 = Debug|Any CPU
		{1FD38174-5DF0-41AB-9AA8-32CF4A2BAEEE}.Release|Any CPU.ActiveCfg = Release|Any CPU
		{1FD38174-5DF0-41AB-9AA8-32CF4A2BAEEE}.Release|Any CPU.Build.0 = Release|Any CPU
	EndGlobalSection
	GlobalSection(SolutionProperties) = preSolution
		HideSolutionNode = FALSE
	EndGlobalSection
	GlobalSection(ExtensibilityGlobals) = postSolution
		SolutionGuid = {D9EBC78D-A1A8-447B-AC82-0D4BC62A457D}
	EndGlobalSection
EndGlobal
